
Microsoft Visual Studio Solution File, Format Version 12.00
# Visual Studio Version 16
VisualStudioVersion = 16.0.31911.196
MinimumVisualStudioVersion = 10.0.40219.1
Project("{FAE04EC0-301F-11D3-BF4B-00C04F79EFBC}") = "RecapDemo1", "RecapDemo1.csproj", "{4339D1A0-8408-407F-BC8C-01F4A1E897D8}"
EndProject
Global
	GlobalSection(SolutionConfigurationPlatforms) = preSolution
		Debug|Any CPU = Debug|Any CPU
		Release|Any CPU = Release|Any CPU
	EndGlobalSection
	GlobalSection(ProjectConfigurationPlatforms) = postSolution
		{4339D1A0-8408-407F-BC8C-01F4A1E897D8}.Debug|Any CPU.ActiveCfg = Debug|Any CPU
		{4339D1A0-8408-407F-BC8C-01F4A1E897D8}.Debug|Any CPU.Build.0 = Debug|Any CPU
		{4339D1A0-8408-407F-BC8C-01F4A1E897D8}.Release|Any CPU.ActiveCfg = Release|Any CPU
		{4339D1A0-8408-407F-BC8C-01F4A1E897D8}.Release|Any CPU.Build.0 = Release|Any CPU
	EndGlobalSection
	GlobalSection(SolutionProperties) = preSolution
		HideSolutionNode = FALSE
	EndGlobalSection
	GlobalSection(ExtensibilityGlobals) = postSolution
		SolutionGuid = {511CC5DA-7F27-470D-9C3A-9B2C04DDC4C9}
	EndGlobalSection
EndGlobal
